<?xml version="1.0" encoding="utf-8"?>
<Project ToolsVersion="4.0" xmlns="http://schemas.microsoft.com/developer/msbuild/2003">
  <ItemGroup>
    <Filter Include="resource files">
      <UniqueIdentifier>{67DA6AB6-F800-4c08-8B7A-83BB121AAD01}</UniqueIdentifier>
      <Extensions>rc;ico;cur;bmp;dlg;rc2;rct;bin;rgs;resx;tiff;tif;wav;mfcribbon-ms</Extensions>
    </Filter>
    <Filter Include="resource files\shaders">
      <UniqueIdentifier>{e9b82e4a-892c-44a8-be70-58d5d0ba38b4}</UniqueIdentifier>
      <Extensions>{shader}</Extensions>
    </Filter>
    <Filter Include="resource files\textures">
      <UniqueIdentifier>{deda5d8d-e98c-44fa-a1fe-2765e04fd161}</UniqueIdentifier>
      <Extensions>{gif;jpg;jpeg;jpe;png}</Extensions>
    </Filter>
    <Filter Include="header files">
      <UniqueIdentifier>{93995380-89BD-4b04-88EB-625FBE52EBFB}</UniqueIdentifier>
      <Extensions>h;hh;hpp;hxx;h++;hm;inl;inc;ipp;xsd</Extensions>
    </Filter>
    <Filter Include="source files">
      <UniqueIdentifier>{4FC737F1-C7A5-4376-A066-2A32D752A2FF}</UniqueIdentifier>
      <Extensions>cpp;c;cc;cxx;c++;cppm;ixx;def;odl;idl;hpj;bat;asm;asmx</Extensions>
    </Filter>
  </ItemGroup>
  <ItemGroup>
    <ClCompile Include="src\engine.cpp">
      <Filter>source files</Filter>
    </ClCompile>
    <ClCompile Include="src\utility\open_gl_handler.cpp">
      <Filter>source files</Filter>
    </ClCompile>
    <ClCompile Include="src\core\rendering\vertex_buffer.cpp">
      <Filter>source files</Filter>
    </ClCompile>
    <ClCompile Include="src\core\rendering\index_buffer.cpp">
      <Filter>source files</Filter>
    </ClCompile>
    <ClCompile Include="src\core\rendering\vertex_array.cpp">
      <Filter>source files</Filter>
    </ClCompile>
    <ClCompile Include="src\core\rendering\vertex_buffer_layout.cpp">
      <Filter>source files</Filter>
    </ClCompile>
    <ClCompile Include="src\core\rendering\shader.cpp">
      <Filter>source files</Filter>
    </ClCompile>
    <ClCompile Include="src\core\rendering\renderer.cpp">
      <Filter>source files</Filter>
    </ClCompile>
    <ClCompile Include="libs\include\stb\stb_image.cpp">
      <Filter>source files</Filter>
    </ClCompile>
    <ClCompile Include="src\core\rendering\texture.cpp">
      <Filter>source files</Filter>
    </ClCompile>
  </ItemGroup>
  <ItemGroup>
    <ClInclude Include="src\utility\open_gl_handler.h">
      <Filter>header files</Filter>
    </ClInclude>
    <ClInclude Include="src\core\rendering\vertex_buffer.h">
      <Filter>header files</Filter>
    </ClInclude>
    <ClInclude Include="src\core\rendering\index_buffer.h">
      <Filter>header files</Filter>
    </ClInclude>
    <ClInclude Include="src\core\rendering\vertex_array.h">
      <Filter>header files</Filter>
    </ClInclude>
    <ClInclude Include="src\core\rendering\vertex_buffer_layout.h">
      <Filter>header files</Filter>
    </ClInclude>
    <ClInclude Include="src\core\rendering\shader.h">
      <Filter>header files</Filter>
    </ClInclude>
    <ClInclude Include="src\core\rendering\renderer.h">
      <Filter>header files</Filter>
    </ClInclude>
    <ClInclude Include="libs\include\stb\stb_image.h">
      <Filter>header files</Filter>
    </ClInclude>
    <ClInclude Include="src\core\rendering\texture.h">
      <Filter>header files</Filter>
    </ClInclude>
  </ItemGroup>
  <ItemGroup>
    <None Include="res\shaders\basic.shader">
      <Filter>resource files\shaders</Filter>
    </None>
  </ItemGroup>
  <ItemGroup>
    <Image Include="res\textures\hearth.png">
      <Filter>resource files\textures</Filter>
    </Image>
  </ItemGroup>
</Project>